{
  "name": "inline-hwp-ai-eqn",
  "version": "0.1.0",
  "lockfileVersion": 3,
  "requires": true,
  "packages": {
    "": {
      "name": "inline-hwp-ai-eqn",
      "version": "0.1.0",
      "license": "MIT",
      "dependencies": {
        "hwp-eqn-ts": "^1.1.0"
      }
    },
    "node_modules/hwp-eqn-ts": {
      "version": "1.1.0",
      "resolved": "https://registry.npmjs.org/hwp-eqn-ts/-/hwp-eqn-ts-1.1.0.tgz",
      "integrity": "sha512-3Y9SQvayBSIuLWHRg4np+Z9MNnTxuc/KAbvy6EjOJM9PSixs8nBAHr5yoyo9HoX4X2ehXiDDlHoCXv/cw4ys2g==",
      "license": "MIT"
    }
  }
}
